
Microsoft Visual Studio Solution File, Format Version 12.00
# Visual Studio 14
VisualStudioVersion = 14.0.24720.0
MinimumVisualStudioVersion = 10.0.40219.1
Project("{2150E333-8FDC-42A3-9474-1A3956D46DE8}") = "src", "src", "{A0595961-2CCC-4631-820D-43F87212095C}"
EndProject
Project("{2150E333-8FDC-42A3-9474-1A3956D46DE8}") = "Solution Items", "Solution Items", "{314E735C-BBB5-4177-ACEF-2172128F2E54}"
	ProjectSection(SolutionItems) = preProject
		global.json = global.json
	EndProjectSection
EndProject
Project("{8BB2217D-0F2D-49D1-97BC-3654ED321F3B}") = "CardWarWEB", "src\CardWarWEB\CardWarWEB.xproj", "{2A9985AA-916A-4B11-BCE0-EE18453199A2}"
EndProject
Project("{FAE04EC0-301F-11D3-BF4B-00C04F79EFBC}") = "MainSpaceConfigs", "MainSpaceConfigs\MainSpaceConfigs.csproj", "{B6EC036A-9F79-4D58-9F17-12FA9607E452}"
EndProject
Global
	GlobalSection(SolutionConfigurationPlatforms) = preSolution
		Debug|Any CPU = Debug|Any CPU
		Release|Any CPU = Release|Any CPU
	EndGlobalSection
	GlobalSection(ProjectConfigurationPlatforms) = postSolution
		{2A9985AA-916A-4B11-BCE0-EE18453199A2}.Debug|Any CPU.ActiveCfg = Debug|Any CPU
		{2A9985AA-916A-4B11-BCE0-EE18453199A2}.Debug|Any CPU.Build.0 = Debug|Any CPU
		{2A9985AA-916A-4B11-BCE0-EE18453199A2}.Release|Any CPU.ActiveCfg = Release|Any CPU
		{2A9985AA-916A-4B11-BCE0-EE18453199A2}.Release|Any CPU.Build.0 = Release|Any CPU
		{B6EC036A-9F79-4D58-9F17-12FA9607E452}.Debug|Any CPU.ActiveCfg = Debug|Any CPU
		{B6EC036A-9F79-4D58-9F17-12FA9607E452}.Debug|Any CPU.Build.0 = Debug|Any CPU
		{B6EC036A-9F79-4D58-9F17-12FA9607E452}.Release|Any CPU.ActiveCfg = Release|Any CPU
		{B6EC036A-9F79-4D58-9F17-12FA9607E452}.Release|Any CPU.Build.0 = Release|Any CPU
	EndGlobalSection
	GlobalSection(SolutionProperties) = preSolution
		HideSolutionNode = FALSE
	EndGlobalSection
	GlobalSection(NestedProjects) = preSolution
		{2A9985AA-916A-4B11-BCE0-EE18453199A2} = {A0595961-2CCC-4631-820D-43F87212095C}
	EndGlobalSection
EndGlobal
